
Microsoft Visual Studio Solution File, Format Version 12.00
# Visual Studio Version 17
VisualStudioVersion = 17.5.33502.453
MinimumVisualStudioVersion = 10.0.40219.1
Project("{FAE04EC0-301F-11D3-BF4B-00C04F79EFBC}") = "FoodsConnected", "FoodsConnected.csproj", "{1281706A-2198-4569-B7E9-565153132329}"
EndProject
Global
	GlobalSection(SolutionConfigurationPlatforms) = preSolution
		Debug|Any CPU = Debug|Any CPU
		Release|Any CPU = Release|Any CPU
	EndGlobalSection
	GlobalSection(ProjectConfigurationPlatforms) = postSolution
		{1281706A-2198-4569-B7E9-565153132329}.Debug|Any CPU.ActiveCfg = Debug|Any CPU
		{1281706A-2198-4569-B7E9-565153132329}.Debug|Any CPU.Build.0 = Debug|Any CPU
		{1281706A-2198-4569-B7E9-565153132329}.Release|Any CPU.ActiveCfg = Release|Any CPU
		{1281706A-2198-4569-B7E9-565153132329}.Release|Any CPU.Build.0 = Release|Any CPU
	EndGlobalSection
	GlobalSection(SolutionProperties) = preSolution
		HideSolutionNode = FALSE
	EndGlobalSection
	GlobalSection(ExtensibilityGlobals) = postSolution
		SolutionGuid = {23FE2731-9CE4-43D2-A366-97839C2EBB10}
	EndGlobalSection
EndGlobal
